
Microsoft Visual Studio Solution File, Format Version 12.00
# Visual Studio Version 17
VisualStudioVersion = 17.2.32526.322
MinimumVisualStudioVersion = 10.0.40219.1
Project("{FAE04EC0-301F-11D3-BF4B-00C04F79EFBC}") = "RunSomeStuffInHere", "RunSomeStuffInHere\RunSomeStuffInHere.csproj", "{93C32206-C7A4-4DB0-A5C2-5D390F146DE5}"
EndProject
Global
	GlobalSection(SolutionConfigurationPlatforms) = preSolution
		Debug|Any CPU = Debug|Any CPU
		Release|Any CPU = Release|Any CPU
	EndGlobalSection
	GlobalSection(ProjectConfigurationPlatforms) = postSolution
		{93C32206-C7A4-4DB0-A5C2-5D390F146DE5}.Debug|Any CPU.ActiveCfg = Debug|Any CPU
		{93C32206-C7A4-4DB0-A5C2-5D390F146DE5}.Debug|Any CPU.Build.0 = Debug|Any CPU
		{93C32206-C7A4-4DB0-A5C2-5D390F146DE5}.Release|Any CPU.ActiveCfg = Release|Any CPU
		{93C32206-C7A4-4DB0-A5C2-5D390F146DE5}.Release|Any CPU.Build.0 = Release|Any CPU
	EndGlobalSection
	GlobalSection(SolutionProperties) = preSolution
		HideSolutionNode = FALSE
	EndGlobalSection
	GlobalSection(ExtensibilityGlobals) = postSolution
		SolutionGuid = {1B160746-7B46-479A-A883-ADF7B2D194FC}
	EndGlobalSection
EndGlobal
